Microsoft Visual Studio Solution File, Format Version 12.00
# Visual Studio Version 17
VisualStudioVersion = 17.5.2.0
MinimumVisualStudioVersion = 10.0.40219.1
Project("{FAE04EC0-301F-11D3-BF4B-00C04F79EFBC}") = "BitlyMcpServer", "BitlyMcpServer.csproj", "{CE7880DD-B4DF-2EB7-C286-D119C0B35155}"
EndProject
Global
	GlobalSection(SolutionConfigurationPlatforms) = preSolution
		Debug|Any CPU = Debug|Any CPU
		Release|Any CPU = Release|Any CPU
	EndGlobalSection
	GlobalSection(ProjectConfigurationPlatforms) = postSolution
		{CE7880DD-B4DF-2EB7-C286-D119C0B35155}.Debug|Any CPU.ActiveCfg = Debug|Any CPU
		{CE7880DD-B4DF-2EB7-C286-D119C0B35155}.Debug|Any CPU.Build.0 = Debug|Any CPU
		{CE7880DD-B4DF-2EB7-C286-D119C0B35155}.Release|Any CPU.ActiveCfg = Release|Any CPU
		{CE7880DD-B4DF-2EB7-C286-D119C0B35155}.Release|Any CPU.Build.0 = Release|Any CPU
	EndGlobalSection
	GlobalSection(SolutionProperties) = preSolution
		HideSolutionNode = FALSE
	EndGlobalSection
	GlobalSection(ExtensibilityGlobals) = postSolution
		SolutionGuid = {72EB2E49-770E-48DE-A46E-617CEEEFA956}
	EndGlobalSection
EndGlobal
